// !$*UTF8*$!
{
	archiveVersion = 1;
	classes = {
	};
	objectVersion = 46;
	objects = {

/* Begin PBXBuildFile section */
		833D21841CD8FE0A0018C767 /* Preview1.png in Resources */ = {isa = PBXBuildFile; fileRef = 833D21831CD8FE0A0018C767 /* Preview1.png */; };
		8346CFAE1CAB29A400674D01 /* AppDelegate.swift in Sources */ = {isa = PBXBuildFile; fileRef = 8346CFAD1CAB29A400674D01 /* AppDelegate.swift */; };
		8346CFB01CAB29A400674D01 /* ViewController.swift in Sources */ = {isa = PBXBuildFile; fileRef = 8346CFAF1CAB29A400674D01 /* ViewController.swift */; };
		8346CFB31CAB29A400674D01 /* Main.storyboard in Resources */ = {isa = PBXBuildFile; fileRef = 8346CFB11CAB29A400674D01 /* Main.storyboard */; };
		8346CFB51CAB29A400674D01 /* Assets.xcassets in Resources */ = {isa = PBXBuildFile; fileRef = 8346CFB41CAB29A400674D01 /* Assets.xcassets */; };
		8346CFB81CAB29A400674D01 /* LaunchScreen.storyboard in Resources */ = {isa = PBXBuildFile; fileRef = 8346CFB61CAB29A400674D01 /* LaunchScreen.storyboard */; };
		8346CFC01CAB2A2C00674D01 /* Character.swift in Sources */ = {isa = PBXBuildFile; fileRef = 8346CFBF1CAB2A2C00674D01 /* Character.swift */; };
		8346CFC21CAB2D5900674D01 /* Player.swift in Sources */ = {isa = PBXBuildFile; fileRef = 8346CFC11CAB2D5900674D01 /* Player.swift */; };
		8346CFC41CAB312600674D01 /* Enemy.swift in Sources */ = {isa = PBXBuildFile; fileRef = 8346CFC31CAB312600674D01 /* Enemy.swift */; };
		8346CFC61CAB320900674D01 /* Kimara.swift in Sources */ = {isa = PBXBuildFile; fileRef = 8346CFC51CAB320900674D01 /* Kimara.swift */; };
		8346CFC81CAB32DE00674D01 /* Wizard.swift in Sources */ = {isa = PBXBuildFile; fileRef = 8346CFC71CAB32DE00674D01 /* Wizard.swift */; };
/* End PBXBuildFile section */

/* Begin PBXFileReference section */
		833D21831CD8FE0A0018C767 /* Preview1.png */ = {isa = PBXFileReference; lastKnownFileType = image.png; path = Preview1.png; sourceTree = "<group>"; };
		8346CFAA1CAB29A400674D01 /* simpleGame.app */ = {isa = PBXFileReference; explicitFileType = wrapper.application; includeInIndex = 0; path = simpleGame.app; sourceTree = BUILT_PRODUCTS_DIR; };
		8346CFAD1CAB29A400674D01 /* AppDelegate.swift */ = {isa = PBXFileReference; lastKnownFileType = sourcecode.swift; path = AppDelegate.swift; sourceTree = "<group>"; };
		8346CFAF1CAB29A400674D01 /* ViewController.swift */ = {isa = PBXFileReference; lastKnownFileType = sourcecode.swift; path = ViewController.swift; sourceTree = "<group>"; };
		8346CFB21CAB29A400674D01 /* Base */ = {isa = PBXFileReference; lastKnownFileType = file.storyboard; name = Base; path = Base.lproj/Main.storyboard; sourceTree = "<group>"; };
		8346CFB41CAB29A400674D01 /* Assets.xcassets */ = {isa = PBXFileReference; lastKnownFileType = folder.assetcatalog; path = Assets.xcassets; sourceTree = "<group>"; };
		8346CFB71CAB29A400674D01 /* Base */ = {isa = PBXFileReference; lastKnownFileType = file.storyboard; name = Base; path = Base.lproj/LaunchScreen.storyboard; sourceTree = "<group>"; };
		8346CFB91CAB29A400674D01 /* Info.plist */ = {isa = PBXFileReference; lastKnownFileType = text.plist.xml; path = Info.plist; sourceTree = "<group>"; };
		8346CFBF1CAB2A2C00674D01 /* Character.swift */ = {isa = PBXFileReference; fileEncoding = 4; lastKnownFileType = sourcecode.swift; name = Character.swift; path = ../Character.swift; sourceTree = "<group>"; };
		8346CFC11CAB2D5900674D01 /* Player.swift */ = {isa = PBXFileReference; fileEncoding = 4; lastKnownFileType = sourcecode.swift; name = Player.swift; path = ../Player.swift; sourceTree = "<group>"; };
		8346CFC31CAB312600674D01 /* Enemy.swift */ = {isa = PBXFileReference; fileEncoding = 4; lastKnownFileType = sourcecode.swift; name = Enemy.swift; path = ../Enemy.swift; sourceTree = "<group>"; };
		8346CFC51CAB320900674D01 /* Kimara.swift */ = {isa = PBXFileReference; fileEncoding = 4; lastKnownFileType = sourcecode.swift; name = Kimara.swift; path = ../Kimara.swift; sourceTree = "<group>"; };
		8346CFC71CAB32DE00674D01 /* Wizard.swift */ = {isa = PBXFileReference; fileEncoding = 4; lastKnownFileType = sourcecode.swift; name = Wizard.swift; path = ../Wizard.swift; sourceTree = "<group>"; };
/* End PBXFileReference section */

/* Begin PBXFrameworksBuildPhase section */
		8346CFA71CAB29A400674D01 /* Frameworks */ = {
			isa = PBXFrameworksBuildPhase;
			buildActionMask = 2147483647;
			files = (
			);
			runOnlyForDeploymentPostprocessing = 0;
		};
/* End PBXFrameworksBuildPhase section */

/* Begin PBXGroup section */
		8346CFA11CAB29A400674D01 = {
			isa = PBXGroup;
			children = (
				8346CFAC1CAB29A400674D01 /* simpleGame */,
				8346CFAB1CAB29A400674D01 /* Products */,
			);
			sourceTree = "<group>";
		};
		8346CFAB1CAB29A400674D01 /* Products */ = {
			isa = PBXGroup;
			children = (
				8346CFAA1CAB29A400674D01 /* simpleGame.app */,
			);
			name = Products;
			sourceTree = "<group>";
		};
		8346CFAC1CAB29A400674D01 /* simpleGame */ = {
			isa = PBXGroup;
			children = (
				8346CFBF1CAB2A2C00674D01 /* Character.swift */,
				8346CFC11CAB2D5900674D01 /* Player.swift */,
				8346CFC31CAB312600674D01 /* Enemy.swift */,
				8346CFC51CAB320900674D01 /* Kimara.swift */,
				8346CFC71CAB32DE00674D01 /* Wizard.swift */,
				8346CFAD1CAB29A400674D01 /* AppDelegate.swift */,
				8346CFAF1CAB29A400674D01 /* ViewController.swift */,
				8346CFB11CAB29A400674D01 /* Main.storyboard */,
				8346CFB41CAB29A400674D01 /* Assets.xcassets */,
				8346CFB61CAB29A400674D01 /* LaunchScreen.storyboard */,
				8346CFB91CAB29A400674D01 /* Info.plist */,
				833D21831CD8FE0A0018C767 /* Preview1.png */,
			);
			path = simpleGame;
			sourceTree = "<group>";
		};
/* End PBXGroup section */

/* Begin PBXNativeTarget section */
		8346CFA91CAB29A400674D01 /* simpleGame */ = {
			isa = PBXNativeTarget;
			buildConfigurationList = 8346CFBC1CAB29A400674D01 /* Build configuration list for PBXNativeTarget "simpleGame" */;
			buildPhases = (
				8346CFA61CAB29A400674D01 /* Sources */,
				8346CFA71CAB29A400674D01 /* Frameworks */,
				8346CFA81CAB29A400674D01 /* Resources */,
			);
			buildRules = (
			);
			dependencies = (
			);
			name = simpleGame;
			productName = simpleGame;
			productReference = 8346CFAA1CAB29A400674D01 /* simpleGame.app */;
			productType = "com.apple.product-type.application";
		};
/* End PBXNativeTarget section */

/* Begin PBXProject section */
		8346CFA21CAB29A400674D01 /* Project object */ = {
			isa = PBXProject;
			attributes = {
				LastSwiftUpdateCheck = 0730;
				LastUpgradeCheck = 0730;
				ORGANIZATIONNAME = "Gabe Hoffman";
				TargetAttributes = {
					8346CFA91CAB29A400674D01 = {
						CreatedOnToolsVersion = 7.3;
					};
				};
			};
			buildConfigurationList = 8346CFA51CAB29A400674D01 /* Build configuration list for PBXProject "simpleGame" */;
			compatibilityVersion = "Xcode 3.2";
			developmentRegion = English;
			hasScannedForEncodings = 0;
			knownRegions = (
				en,
				Base,
			);
			mainGroup = 8346CFA11CAB29A400674D01;
			productRefGroup = 8346CFAB1CAB29A400674D01 /* Products */;
			projectDirPath = "";
			projectRoot = "";
			targets = (
				8346CFA91CAB29A400674D01 /* simpleGame */,
			);
		};
/* End PBXProject section */

/* Begin PBXResourcesBuildPhase section */
		8346CFA81CAB29A400674D01 /* Resources */ = {
			isa = PBXResourcesBuildPhase;
			buildActionMask = 2147483647;
			files = (
				8346CFB81CAB29A400674D01 /* LaunchScreen.storyboard in Resources */,
				8346CFB51CAB29A400674D01 /* Assets.xcassets in Resources */,
				833D21841CD8FE0A0018C767 /* Preview1.png in Resources */,
				8346CFB31CAB29A400674D01 /* Main.storyboard in Resources */,
			);
			runOnlyForDeploymentPostprocessing = 0;
		};
/* End PBXResourcesBuildPhase section */

/* Begin PBXSourcesBuildPhase section */
		8346CFA61CAB29A400674D01 /* Sources */ = {
			isa = PBXSourcesBuildPhase;
			buildActionMask = 2147483647;
			files = (
				8346CFC21CAB2D5900674D01 /* Player.swift in Sources */,
				8346CFC41CAB312600674D01 /* Enemy.swift in Sources */,
				8346CFC61CAB320900674D01 /* Kimara.swift in Sources */,
				8346CFC01CAB2A2C00674D01 /* Character.swift in Sources */,
				8346CFB01CAB29A400674D01 /* ViewController.swift in Sources */,
				8346CFC81CAB32DE00674D01 /* Wizard.swift in Sources */,
				8346CFAE1CAB29A400674D01 /* AppDelegate.swift in Sources */,
			);
			runOnlyForDeploymentPostprocessing = 0;
		};
/* End PBXSourcesBuildPhase section */

/* Begin PBXVariantGroup section */
		8346CFB11CAB29A400674D01 /* Main.storyboard */ = {
			isa = PBXVariantGroup;
			children = (
				8346CFB21CAB29A400674D01 /* Base */,
			);
			name = Main.storyboard;
			sourceTree = "<group>";
		};
		8346CFB61CAB29A400674D01 /* LaunchScreen.storyboard */ = {
			isa = PBXVariantGroup;
			children = (
				8346CFB71CAB29A400674D01 /* Base */,
			);
			name = LaunchScreen.storyboard;
			sourceTree = "<group>";
		};
/* End PBXVariantGroup section */

/* Begin XCBuildConfiguration section */
		8346CFBA1CAB29A400674D01 /* Debug */ = {
			isa = XCBuildConfiguration;
			buildSettings = {
				ALWAYS_SEARCH_USER_PATHS = NO;
				CLANG_ANALYZER_NONNULL = YES;
				CLANG_CXX_LANGUAGE_STANDARD = "gnu++0x";
				CLANG_CXX_LIBRARY = "libc++";
				CLANG_ENABLE_MODULES = YES;
				CLANG_ENABLE_OBJC_ARC = YES;
				CLANG_WARN_BOOL_CONVERSION = YES;
				CLANG_WARN_CONSTANT_CONVERSION = YES;
				CLANG_WARN_DIRECT_OBJC_ISA_USAGE = YES_ERROR;
				CLANG_WARN_EMPTY_BODY = YES;
				CLANG_WARN_ENUM_CONVERSION = YES;
				CLANG_WARN_INT_CONVERSION = YES;
				CLANG_WARN_OBJC_ROOT_CLASS = YES_ERROR;
				CLANG_WARN_UNREACHABLE_CODE = YES;
				CLANG_WARN__DUPLICATE_METHOD_MATCH = YES;
				"CODE_SIGN_IDENTITY[sdk=iphoneos*]" = "iPhone Developer";
				COPY_PHASE_STRIP = NO;
				DEBUG_INFORMATION_FORMAT = dwarf;
				ENABLE_STRICT_OBJC_MSGSEND = YES;
				ENABLE_TESTABILITY = YES;
				GCC_C_LANGUAGE_STANDARD = gnu99;
				GCC_DYNAMIC_NO_PIC = NO;
				GCC_NO_COMMON_BLOCKS = YES;
				GCC_OPTIMIZATION_LEVEL = 0;
				GCC_PREPROCESSOR_DEFINITIONS = (
					"DEBUG=1",
					"$(inherited)",
				);
				GCC_WARN_64_TO_32_BIT_CONVERSION = YES;
				GCC_WARN_ABOUT_RETURN_TYPE = YES_ERROR;
				GCC_WARN_UNDECLARED_SELECTOR = YES;
				GCC_WARN_UNINITIALIZED_AUTOS = YES_AGGRESSIVE;
				GCC_WARN_UNUSED_FUNCTION = YES;
				GCC_WARN_UNUSED_VARIABLE = YES;
				IPHONEOS_DEPLOYMENT_TARGET = 9.3;
				MTL_ENABLE_DEBUG_INFO = YES;
				ONLY_ACTIVE_ARCH = YES;
				SDKROOT = iphoneos;
				SWIFT_OPTIMIZATION_LEVEL = "-Onone";
				TARGETED_DEVICE_FAMILY = "1,2";
			};
			name = Debug;
		};
		8346CFBB1CAB29A400674D01 /* Release */ = {
			isa = XCBuildConfiguration;
			buildSettings = {
				ALWAYS_SEARCH_USER_PATHS = NO;
				CLANG_ANALYZER_NONNULL = YES;
				CLANG_CXX_LANGUAGE_STANDARD = "gnu++0x";
				CLANG_CXX_LIBRARY = "libc++";
				CLANG_ENABLE_MODULES = YES;
				CLANG_ENABLE_OBJC_ARC = YES;
				CLANG_WARN_BOOL_CONVERSION = YES;
				CLANG_WARN_CONSTANT_CONVERSION = YES;
				CLANG_WARN_DIRECT_OBJC_ISA_USAGE = YES_ERROR;
				CLANG_WARN_EMPTY_BODY = YES;
				CLANG_WARN_ENUM_CONVERSION = YES;
				CLANG_WARN_INT_CONVERSION = YES;
				CLANG_WARN_OBJC_ROOT_CLASS = YES_ERROR;
				CLANG_WARN_UNREACHABLE_CODE = YES;
				CLANG_WARN__DUPLICATE_METHOD_MATCH = YES;
				"CODE_SIGN_IDENTITY[sdk=iphoneos*]" = "iPhone Developer";
				COPY_PHASE_STRIP = NO;
				DEBUG_INFORMATION_FORMAT = "dwarf-with-dsym";
				ENABLE_NS_ASSERTIONS = NO;
				ENABLE_STRICT_OBJC_MSGSEND = YES;
				GCC_C_LANGUAGE_STANDARD = gnu99;
				GCC_NO_COMMON_BLOCKS = YES;
				GCC_WARN_64_TO_32_BIT_CONVERSION = YES;
				GCC_WARN_ABOUT_RETURN_TYPE = YES_ERROR;
				GCC_WARN_UNDECLARED_SELECTOR = YES;
				GCC_WARN_UNINITIALIZED_AUTOS = YES_AGGRESSIVE;
				GCC_WARN_UNUSED_FUNCTION = YES;
				GCC_WARN_UNUSED_VARIABLE = YES;
				IPHONEOS_DEPLOYMENT_TARGET = 9.3;
				MTL_ENABLE_DEBUG_INFO = NO;
				SDKROOT = iphoneos;
				TARGETED_DEVICE_FAMILY = "1,2";
				VALIDATE_PRODUCT = YES;
			};
			name = Release;
		};
		8346CFBD1CAB29A400674D01 /* Debug */ = {
			isa = XCBuildConfiguration;
			buildSettings = {
				ASSETCATALOG_COMPILER_APPICON_NAME = AppIcon;
				INFOPLIST_FILE = simpleGame/Info.plist;
				LD_RUNPATH_SEARCH_PATHS = "$(inherited) @executable_path/Frameworks";
				PRODUCT_BUNDLE_IDENTIFIER = tools.hoffman.simpleGame;
				PRODUCT_NAME = "$(TARGET_NAME)";
			};
			name = Debug;
		};
		8346CFBE1CAB29A400674D01 /* Release */ = {
			isa = XCBuildConfiguration;
			buildSettings = {
				ASSETCATALOG_COMPILER_APPICON_NAME = AppIcon;
				INFOPLIST_FILE = simpleGame/Info.plist;
				LD_RUNPATH_SEARCH_PATHS = "$(inherited) @executable_path/Frameworks";
				PRODUCT_BUNDLE_IDENTIFIER = tools.hoffman.simpleGame;
				PRODUCT_NAME = "$(TARGET_NAME)";
			};
			name = Release;
		};
/* End XCBuildConfiguration section */

/* Begin XCConfigurationList section */
		8346CFA51CAB29A400674D01 /* Build configuration list for PBXProject "simpleGame" */ = {
			isa = XCConfigurationList;
			buildConfigurations = (
				8346CFBA1CAB29A400674D01 /* Debug */,
				8346CFBB1CAB29A400674D01 /* Release */,
			);
			defaultConfigurationIsVisible = 0;
			defaultConfigurationName = Release;
		};
		8346CFBC1CAB29A400674D01 /* Build configuration list for PBXNativeTarget "simpleGame" */ = {
			isa = XCConfigurationList;
			buildConfigurations = (
				8346CFBD1CAB29A400674D01 /* Debug */,
				8346CFBE1CAB29A400674D01 /* Release */,
			);
			defaultConfigurationIsVisible = 0;
			defaultConfigurationName = Release;
		};
/* End XCConfigurationList section */
	};
	rootObject = 8346CFA21CAB29A400674D01 /* Project object */;
}
